
Microsoft Visual Studio Solution File, Format Version 12.00
# Visual Studio Version 17
VisualStudioVersion = 17.3.32811.315
MinimumVisualStudioVersion = 10.0.40219.1
Project("{FAE04EC0-301F-11D3-BF4B-00C04F79EFBC}") = "String Functions Micro Projects", "String Functions Micro Projects.csproj", "{B6EB92EA-8A65-495D-9298-F914096BCCB4}"
EndProject
Global
	GlobalSection(SolutionConfigurationPlatforms) = preSolution
		Debug|Any CPU = Debug|Any CPU
		Release|Any CPU = Release|Any CPU
	EndGlobalSection
	GlobalSection(ProjectConfigurationPlatforms) = postSolution
		{B6EB92EA-8A65-495D-9298-F914096BCCB4}.Debug|Any CPU.ActiveCfg = Debug|Any CPU
		{B6EB92EA-8A65-495D-9298-F914096BCCB4}.Debug|Any CPU.Build.0 = Debug|Any CPU
		{B6EB92EA-8A65-495D-9298-F914096BCCB4}.Release|Any CPU.ActiveCfg = Release|Any CPU
		{B6EB92EA-8A65-495D-9298-F914096BCCB4}.Release|Any CPU.Build.0 = Release|Any CPU
	EndGlobalSection
	GlobalSection(SolutionProperties) = preSolution
		HideSolutionNode = FALSE
	EndGlobalSection
	GlobalSection(ExtensibilityGlobals) = postSolution
		SolutionGuid = {2F1E8F7E-45B1-4A5D-A5C6-7B44B596EB10}
	EndGlobalSection
EndGlobal
